
Microsoft Visual Studio Solution File, Format Version 12.00
# Visual Studio Version 17
VisualStudioVersion = 17.9.34728.123
MinimumVisualStudioVersion = 10.0.40219.1
Project("{FAE04EC0-301F-11D3-BF4B-00C04F79EFBC}") = "MusicPlayer", "MusicPlayer\MusicPlayer.csproj", "{4E1E4423-A809-499E-B5E5-2D306BFBEABD}"
EndProject
Global
	GlobalSection(SolutionConfigurationPlatforms) = preSolution
		Debug|Any CPU = Debug|Any CPU
		Release|Any CPU = Release|Any CPU
	EndGlobalSection
	GlobalSection(ProjectConfigurationPlatforms) = postSolution
		{4E1E4423-A809-499E-B5E5-2D306BFBEABD}.Debug|Any CPU.ActiveCfg = Debug|Any CPU
		{4E1E4423-A809-499E-B5E5-2D306BFBEABD}.Debug|Any CPU.Build.0 = Debug|Any CPU
		{4E1E4423-A809-499E-B5E5-2D306BFBEABD}.Release|Any CPU.ActiveCfg = Release|Any CPU
		{4E1E4423-A809-499E-B5E5-2D306BFBEABD}.Release|Any CPU.Build.0 = Release|Any CPU
	EndGlobalSection
	GlobalSection(SolutionProperties) = preSolution
		HideSolutionNode = FALSE
	EndGlobalSection
	GlobalSection(ExtensibilityGlobals) = postSolution
		SolutionGuid = {D4B18354-AA5B-43BD-B2EC-65654A0DCA5F}
	EndGlobalSection
EndGlobal
